// !$*UTF8*$!
{
	archiveVersion = 1;
	classes = {
	};
	objectVersion = 46;
	objects = {

/* Begin PBXBuildFile section */
		4938BF011DDBB5C8007FBA71 /* DetailViewController.swift in Sources */ = {isa = PBXBuildFile; fileRef = 4938BF001DDBB5C8007FBA71 /* DetailViewController.swift */; };
		4938BF031DDBBBF3007FBA71 /* TableViewController.swift in Sources */ = {isa = PBXBuildFile; fileRef = 4938BF021DDBBBF3007FBA71 /* TableViewController.swift */; };
		4938BF051DDBBEE4007FBA71 /* runData.swift in Sources */ = {isa = PBXBuildFile; fileRef = 4938BF041DDBBEE4007FBA71 /* runData.swift */; };
		49BF8BC61DDBB182003DCF92 /* AppDelegate.swift in Sources */ = {isa = PBXBuildFile; fileRef = 49BF8BC51DDBB182003DCF92 /* AppDelegate.swift */; };
		49BF8BCB1DDBB182003DCF92 /* Main.storyboard in Resources */ = {isa = PBXBuildFile; fileRef = 49BF8BC91DDBB182003DCF92 /* Main.storyboard */; };
		49BF8BCE1DDBB182003DCF92 /* finalProject.xcdatamodeld in Sources */ = {isa = PBXBuildFile; fileRef = 49BF8BCC1DDBB182003DCF92 /* finalProject.xcdatamodeld */; };
		49BF8BD01DDBB182003DCF92 /* Assets.xcassets in Resources */ = {isa = PBXBuildFile; fileRef = 49BF8BCF1DDBB182003DCF92 /* Assets.xcassets */; };
		49BF8BD31DDBB182003DCF92 /* LaunchScreen.storyboard in Resources */ = {isa = PBXBuildFile; fileRef = 49BF8BD11DDBB182003DCF92 /* LaunchScreen.storyboard */; };
		49F9AD7D1DDC03FB00BA66B1 /* NewRunViewController.swift in Sources */ = {isa = PBXBuildFile; fileRef = 49F9AD7C1DDC03FB00BA66B1 /* NewRunViewController.swift */; };
/* End PBXBuildFile section */

/* Begin PBXFileReference section */
		4938BF001DDBB5C8007FBA71 /* DetailViewController.swift */ = {isa = PBXFileReference; fileEncoding = 4; lastKnownFileType = sourcecode.swift; path = DetailViewController.swift; sourceTree = "<group>"; };
		4938BF021DDBBBF3007FBA71 /* TableViewController.swift */ = {isa = PBXFileReference; fileEncoding = 4; lastKnownFileType = sourcecode.swift; path = TableViewController.swift; sourceTree = "<group>"; };
		4938BF041DDBBEE4007FBA71 /* runData.swift */ = {isa = PBXFileReference; fileEncoding = 4; lastKnownFileType = sourcecode.swift; path = runData.swift; sourceTree = "<group>"; };
		49BF8BC21DDBB182003DCF92 /* finalProject.app */ = {isa = PBXFileReference; explicitFileType = wrapper.application; includeInIndex = 0; path = finalProject.app; sourceTree = BUILT_PRODUCTS_DIR; };
		49BF8BC51DDBB182003DCF92 /* AppDelegate.swift */ = {isa = PBXFileReference; lastKnownFileType = sourcecode.swift; path = AppDelegate.swift; sourceTree = "<group>"; };
		49BF8BCA1DDBB182003DCF92 /* Base */ = {isa = PBXFileReference; lastKnownFileType = file.storyboard; name = Base; path = Base.lproj/Main.storyboard; sourceTree = "<group>"; };
		49BF8BCD1DDBB182003DCF92 /* finalProject.xcdatamodel */ = {isa = PBXFileReference; lastKnownFileType = wrapper.xcdatamodel; path = finalProject.xcdatamodel; sourceTree = "<group>"; };
		49BF8BCF1DDBB182003DCF92 /* Assets.xcassets */ = {isa = PBXFileReference; lastKnownFileType = folder.assetcatalog; path = Assets.xcassets; sourceTree = "<group>"; };
		49BF8BD21DDBB182003DCF92 /* Base */ = {isa = PBXFileReference; lastKnownFileType = file.storyboard; name = Base; path = Base.lproj/LaunchScreen.storyboard; sourceTree = "<group>"; };
		49BF8BD41DDBB182003DCF92 /* Info.plist */ = {isa = PBXFileReference; lastKnownFileType = text.plist.xml; path = Info.plist; sourceTree = "<group>"; };
		49F9AD7C1DDC03FB00BA66B1 /* NewRunViewController.swift */ = {isa = PBXFileReference; fileEncoding = 4; lastKnownFileType = sourcecode.swift; path = NewRunViewController.swift; sourceTree = "<group>"; };
/* End PBXFileReference section */

/* Begin PBXFrameworksBuildPhase section */
		49BF8BBF1DDBB182003DCF92 /* Frameworks */ = {
			isa = PBXFrameworksBuildPhase;
			buildActionMask = 2147483647;
			files = (
			);
			runOnlyForDeploymentPostprocessing = 0;
		};
/* End PBXFrameworksBuildPhase section */

/* Begin PBXGroup section */
		49BF8BB91DDBB182003DCF92 = {
			isa = PBXGroup;
			children = (
				49BF8BC41DDBB182003DCF92 /* finalProject */,
				49BF8BC31DDBB182003DCF92 /* Products */,
			);
			sourceTree = "<group>";
		};
		49BF8BC31DDBB182003DCF92 /* Products */ = {
			isa = PBXGroup;
			children = (
				49BF8BC21DDBB182003DCF92 /* finalProject.app */,
			);
			name = Products;
			sourceTree = "<group>";
		};
		49BF8BC41DDBB182003DCF92 /* finalProject */ = {
			isa = PBXGroup;
			children = (
				49BF8BC51DDBB182003DCF92 /* AppDelegate.swift */,
				49BF8BC91DDBB182003DCF92 /* Main.storyboard */,
				49BF8BCF1DDBB182003DCF92 /* Assets.xcassets */,
				49BF8BD11DDBB182003DCF92 /* LaunchScreen.storyboard */,
				49BF8BD41DDBB182003DCF92 /* Info.plist */,
				49BF8BCC1DDBB182003DCF92 /* finalProject.xcdatamodeld */,
				4938BF001DDBB5C8007FBA71 /* DetailViewController.swift */,
				4938BF021DDBBBF3007FBA71 /* TableViewController.swift */,
				49F9AD7C1DDC03FB00BA66B1 /* NewRunViewController.swift */,
				4938BF041DDBBEE4007FBA71 /* runData.swift */,
			);
			path = finalProject;
			sourceTree = "<group>";
		};
/* End PBXGroup section */

/* Begin PBXNativeTarget section */
		49BF8BC11DDBB182003DCF92 /* finalProject */ = {
			isa = PBXNativeTarget;
			buildConfigurationList = 49BF8BD71DDBB182003DCF92 /* Build configuration list for PBXNativeTarget "finalProject" */;
			buildPhases = (
				49BF8BBE1DDBB182003DCF92 /* Sources */,
				49BF8BBF1DDBB182003DCF92 /* Frameworks */,
				49BF8BC01DDBB182003DCF92 /* Resources */,
			);
			buildRules = (
			);
			dependencies = (
			);
			name = finalProject;
			productName = finalProject;
			productReference = 49BF8BC21DDBB182003DCF92 /* finalProject.app */;
			productType = "com.apple.product-type.application";
		};
/* End PBXNativeTarget section */

/* Begin PBXProject section */
		49BF8BBA1DDBB182003DCF92 /* Project object */ = {
			isa = PBXProject;
			attributes = {
				LastSwiftUpdateCheck = 0730;
				LastUpgradeCheck = 0730;
				ORGANIZATIONNAME = AndrewSteinheiser;
				TargetAttributes = {
					49BF8BC11DDBB182003DCF92 = {
						CreatedOnToolsVersion = 7.3.1;
						DevelopmentTeam = 687G479JP4;
					};
				};
			};
			buildConfigurationList = 49BF8BBD1DDBB182003DCF92 /* Build configuration list for PBXProject "finalProject" */;
			compatibilityVersion = "Xcode 3.2";
			developmentRegion = English;
			hasScannedForEncodings = 0;
			knownRegions = (
				en,
				Base,
			);
			mainGroup = 49BF8BB91DDBB182003DCF92;
			productRefGroup = 49BF8BC31DDBB182003DCF92 /* Products */;
			projectDirPath = "";
			projectRoot = "";
			targets = (
				49BF8BC11DDBB182003DCF92 /* finalProject */,
			);
		};
/* End PBXProject section */

/* Begin PBXResourcesBuildPhase section */
		49BF8BC01DDBB182003DCF92 /* Resources */ = {
			isa = PBXResourcesBuildPhase;
			buildActionMask = 2147483647;
			files = (
				49BF8BD31DDBB182003DCF92 /* LaunchScreen.storyboard in Resources */,
				49BF8BD01DDBB182003DCF92 /* Assets.xcassets in Resources */,
				49BF8BCB1DDBB182003DCF92 /* Main.storyboard in Resources */,
			);
			runOnlyForDeploymentPostprocessing = 0;
		};
/* End PBXResourcesBuildPhase section */

/* Begin PBXSourcesBuildPhase section */
		49BF8BBE1DDBB182003DCF92 /* Sources */ = {
			isa = PBXSourcesBuildPhase;
			buildActionMask = 2147483647;
			files = (
				49BF8BCE1DDBB182003DCF92 /* finalProject.xcdatamodeld in Sources */,
				49F9AD7D1DDC03FB00BA66B1 /* NewRunViewController.swift in Sources */,
				49BF8BC61DDBB182003DCF92 /* AppDelegate.swift in Sources */,
				4938BF011DDBB5C8007FBA71 /* DetailViewController.swift in Sources */,
				4938BF031DDBBBF3007FBA71 /* TableViewController.swift in Sources */,
				4938BF051DDBBEE4007FBA71 /* runData.swift in Sources */,
			);
			runOnlyForDeploymentPostprocessing = 0;
		};
/* End PBXSourcesBuildPhase section */

/* Begin PBXVariantGroup section */
		49BF8BC91DDBB182003DCF92 /* Main.storyboard */ = {
			isa = PBXVariantGroup;
			children = (
				49BF8BCA1DDBB182003DCF92 /* Base */,
			);
			name = Main.storyboard;
			sourceTree = "<group>";
		};
		49BF8BD11DDBB182003DCF92 /* LaunchScreen.storyboard */ = {
			isa = PBXVariantGroup;
			children = (
				49BF8BD21DDBB182003DCF92 /* Base */,
			);
			name = LaunchScreen.storyboard;
			sourceTree = "<group>";
		};
/* End PBXVariantGroup section */

/* Begin XCBuildConfiguration section */
		49BF8BD51DDBB182003DCF92 /* Debug */ = {
			isa = XCBuildConfiguration;
			buildSettings = {
				ALWAYS_SEARCH_USER_PATHS = NO;
				CLANG_ANALYZER_NONNULL = YES;
				CLANG_CXX_LANGUAGE_STANDARD = "gnu++0x";
				CLANG_CXX_LIBRARY = "libc++";
				CLANG_ENABLE_MODULES = YES;
				CLANG_ENABLE_OBJC_ARC = YES;
				CLANG_WARN_BOOL_CONVERSION = YES;
				CLANG_WARN_CONSTANT_CONVERSION = YES;
				CLANG_WARN_DIRECT_OBJC_ISA_USAGE = YES_ERROR;
				CLANG_WARN_EMPTY_BODY = YES;
				CLANG_WARN_ENUM_CONVERSION = YES;
				CLANG_WARN_INT_CONVERSION = YES;
				CLANG_WARN_OBJC_ROOT_CLASS = YES_ERROR;
				CLANG_WARN_UNREACHABLE_CODE = YES;
				CLANG_WARN__DUPLICATE_METHOD_MATCH = YES;
				"CODE_SIGN_IDENTITY[sdk=iphoneos*]" = "iPhone Developer";
				COPY_PHASE_STRIP = NO;
				DEBUG_INFORMATION_FORMAT = dwarf;
				ENABLE_STRICT_OBJC_MSGSEND = YES;
				ENABLE_TESTABILITY = YES;
				GCC_C_LANGUAGE_STANDARD = gnu99;
				GCC_DYNAMIC_NO_PIC = NO;
				GCC_NO_COMMON_BLOCKS = YES;
				GCC_OPTIMIZATION_LEVEL = 0;
				GCC_PREPROCESSOR_DEFINITIONS = (
					"DEBUG=1",
					"$(inherited)",
				);
				GCC_WARN_64_TO_32_BIT_CONVERSION = YES;
				GCC_WARN_ABOUT_RETURN_TYPE = YES_ERROR;
				GCC_WARN_UNDECLARED_SELECTOR = YES;
				GCC_WARN_UNINITIALIZED_AUTOS = YES_AGGRESSIVE;
				GCC_WARN_UNUSED_FUNCTION = YES;
				GCC_WARN_UNUSED_VARIABLE = YES;
				IPHONEOS_DEPLOYMENT_TARGET = 9.3;
				MTL_ENABLE_DEBUG_INFO = YES;
				ONLY_ACTIVE_ARCH = YES;
				SDKROOT = iphoneos;
				SWIFT_OPTIMIZATION_LEVEL = "-Onone";
			};
			name = Debug;
		};
		49BF8BD61DDBB182003DCF92 /* Release */ = {
			isa = XCBuildConfiguration;
			buildSettings = {
				ALWAYS_SEARCH_USER_PATHS = NO;
				CLANG_ANALYZER_NONNULL = YES;
				CLANG_CXX_LANGUAGE_STANDARD = "gnu++0x";
				CLANG_CXX_LIBRARY = "libc++";
				CLANG_ENABLE_MODULES = YES;
				CLANG_ENABLE_OBJC_ARC = YES;
				CLANG_WARN_BOOL_CONVERSION = YES;
				CLANG_WARN_CONSTANT_CONVERSION = YES;
				CLANG_WARN_DIRECT_OBJC_ISA_USAGE = YES_ERROR;
				CLANG_WARN_EMPTY_BODY = YES;
				CLANG_WARN_ENUM_CONVERSION = YES;
				CLANG_WARN_INT_CONVERSION = YES;
				CLANG_WARN_OBJC_ROOT_CLASS = YES_ERROR;
				CLANG_WARN_UNREACHABLE_CODE = YES;
				CLANG_WARN__DUPLICATE_METHOD_MATCH = YES;
				"CODE_SIGN_IDENTITY[sdk=iphoneos*]" = "iPhone Developer";
				COPY_PHASE_STRIP = NO;
				DEBUG_INFORMATION_FORMAT = "dwarf-with-dsym";
				ENABLE_NS_ASSERTIONS = NO;
				ENABLE_STRICT_OBJC_MSGSEND = YES;
				GCC_C_LANGUAGE_STANDARD = gnu99;
				GCC_NO_COMMON_BLOCKS = YES;
				GCC_WARN_64_TO_32_BIT_CONVERSION = YES;
				GCC_WARN_ABOUT_RETURN_TYPE = YES_ERROR;
				GCC_WARN_UNDECLARED_SELECTOR = YES;
				GCC_WARN_UNINITIALIZED_AUTOS = YES_AGGRESSIVE;
				GCC_WARN_UNUSED_FUNCTION = YES;
				GCC_WARN_UNUSED_VARIABLE = YES;
				IPHONEOS_DEPLOYMENT_TARGET = 9.3;
				MTL_ENABLE_DEBUG_INFO = NO;
				SDKROOT = iphoneos;
				VALIDATE_PRODUCT = YES;
			};
			name = Release;
		};
		49BF8BD81DDBB182003DCF92 /* Debug */ = {
			isa = XCBuildConfiguration;
			buildSettings = {
				ASSETCATALOG_COMPILER_APPICON_NAME = AppIcon;
				INFOPLIST_FILE = finalProject/Info.plist;
				LD_RUNPATH_SEARCH_PATHS = "$(inherited) @executable_path/Frameworks";
				PRODUCT_BUNDLE_IDENTIFIER = andrewstein.finalProject;
				PRODUCT_NAME = "$(TARGET_NAME)";
			};
			name = Debug;
		};
		49BF8BD91DDBB182003DCF92 /* Release */ = {
			isa = XCBuildConfiguration;
			buildSettings = {
				ASSETCATALOG_COMPILER_APPICON_NAME = AppIcon;
				INFOPLIST_FILE = finalProject/Info.plist;
				LD_RUNPATH_SEARCH_PATHS = "$(inherited) @executable_path/Frameworks";
				PRODUCT_BUNDLE_IDENTIFIER = andrewstein.finalProject;
				PRODUCT_NAME = "$(TARGET_NAME)";
			};
			name = Release;
		};
/* End XCBuildConfiguration section */

/* Begin XCConfigurationList section */
		49BF8BBD1DDBB182003DCF92 /* Build configuration list for PBXProject "finalProject" */ = {
			isa = XCConfigurationList;
			buildConfigurations = (
				49BF8BD51DDBB182003DCF92 /* Debug */,
				49BF8BD61DDBB182003DCF92 /* Release */,
			);
			defaultConfigurationIsVisible = 0;
			defaultConfigurationName = Release;
		};
		49BF8BD71DDBB182003DCF92 /* Build configuration list for PBXNativeTarget "finalProject" */ = {
			isa = XCConfigurationList;
			buildConfigurations = (
				49BF8BD81DDBB182003DCF92 /* Debug */,
				49BF8BD91DDBB182003DCF92 /* Release */,
			);
			defaultConfigurationIsVisible = 0;
			defaultConfigurationName = Release;
		};
/* End XCConfigurationList section */

/* Begin XCVersionGroup section */
		49BF8BCC1DDBB182003DCF92 /* finalProject.xcdatamodeld */ = {
			isa = XCVersionGroup;
			children = (
				49BF8BCD1DDBB182003DCF92 /* finalProject.xcdatamodel */,
			);
			currentVersion = 49BF8BCD1DDBB182003DCF92 /* finalProject.xcdatamodel */;
			path = finalProject.xcdatamodeld;
			sourceTree = "<group>";
			versionGroupType = wrapper.xcdatamodel;
		};
/* End XCVersionGroup section */
	};
	rootObject = 49BF8BBA1DDBB182003DCF92 /* Project object */;
}
